Microsoft Visual Studio Solution File, Format Version 9.00
# Visual C# Express 2005
Project("{20D4826A-C6FA-45DB-90F4-C717570B9F32}") = "zefPocket", "zefPocket.csdproj", "{98A708E9-4686-4901-BB21-45683BD17A02}"
EndProject
Project("{FAE04EC0-301F-11D3-BF4B-00C04F79EFBC}") = "NewTrueSharpSwordAPICF", "..\NewTrueSharpSwordAPICF\NewTrueSharpSwordAPICF.csproj", "{13869203-C2AC-4BEA-96EB-A92439017F19}"
EndProject
Project("{FAE04EC0-301F-11D3-BF4B-00C04F79EFBC}") = "NewTrueSharpSwordAPI", "..\NewTrueSharpSwordAPI\visualstudiofiles\NewTrueSharpSwordAPI.csproj", "{29AEA1D5-0C8C-4D0D-A470-16F5B4B19037}"
EndProject
Global
	GlobalSection(SolutionConfigurationPlatforms) = preSolution
		Debug|Any CPU = Debug|Any CPU
		Release|Any CPU = Release|Any CPU
	EndGlobalSection
	GlobalSection(ProjectConfigurationPlatforms) = postSolution
		{98A708E9-4686-4901-BB21-45683BD17A02}.Debug|Any CPU.ActiveCfg = Debug|Pocket PC
		{98A708E9-4686-4901-BB21-45683BD17A02}.Release|Any CPU.ActiveCfg = Release|Pocket PC
		{13869203-C2AC-4BEA-96EB-A92439017F19}.Debug|Any CPU.ActiveCfg = Debug|Any CPU
		{13869203-C2AC-4BEA-96EB-A92439017F19}.Debug|Any CPU.Build.0 = Debug|Any CPU
		{13869203-C2AC-4BEA-96EB-A92439017F19}.Debug|Any CPU.Deploy.0 = Debug|Any CPU
		{13869203-C2AC-4BEA-96EB-A92439017F19}.Release|Any CPU.ActiveCfg = Release|Any CPU
		{13869203-C2AC-4BEA-96EB-A92439017F19}.Release|Any CPU.Build.0 = Release|Any CPU
		{29AEA1D5-0C8C-4D0D-A470-16F5B4B19037}.Debug|Any CPU.ActiveCfg = Debug|Any CPU
		{29AEA1D5-0C8C-4D0D-A470-16F5B4B19037}.Debug|Any CPU.Build.0 = Debug|Any CPU
		{29AEA1D5-0C8C-4D0D-A470-16F5B4B19037}.Release|Any CPU.ActiveCfg = Release|Any CPU
		{29AEA1D5-0C8C-4D0D-A470-16F5B4B19037}.Release|Any CPU.Build.0 = Release|Any CPU
	EndGlobalSection
	GlobalSection(SolutionProperties) = preSolution
		HideSolutionNode = FALSE
	EndGlobalSection
EndGlobal
