
Microsoft Visual Studio Solution File, Format Version 9.00
# Visual C# Express 2005
Project("{FAE04EC0-301F-11D3-BF4B-00C04F79EFBC}") = "BibelCardGNBtoZef", "BibelCardGNBtoZef\BibelCardGNBtoZef.csproj", "{D009F60C-6D83-49E0-96BB-2AF782A38908}"
EndProject
Global
	GlobalSection(SolutionConfigurationPlatforms) = preSolution
		Debug|Any CPU = Debug|Any CPU
		Release|Any CPU = Release|Any CPU
	EndGlobalSection
	GlobalSection(ProjectConfigurationPlatforms) = postSolution
		{D009F60C-6D83-49E0-96BB-2AF782A38908}.Debug|Any CPU.ActiveCfg = Debug|Any CPU
		{D009F60C-6D83-49E0-96BB-2AF782A38908}.Debug|Any CPU.Build.0 = Debug|Any CPU
		{D009F60C-6D83-49E0-96BB-2AF782A38908}.Release|Any CPU.ActiveCfg = Release|Any CPU
		{D009F60C-6D83-49E0-96BB-2AF782A38908}.Release|Any CPU.Build.0 = Release|Any CPU
	EndGlobalSection
	GlobalSection(SolutionProperties) = preSolution
		HideSolutionNode = FALSE
	EndGlobalSection
EndGlobal
